// !$*UTF8*$!
{
	archiveVersion = 1;
	classes = {
	};
	objectVersion = 46;
	objects = {

/* Begin PBXBuildFile section */
		4C1FC6061C858B5C00465006 /* ListOrdersConfigurator.swift in Sources */ = {isa = PBXBuildFile; fileRef = 4C1FC5FF1C858B5C00465006 /* ListOrdersConfigurator.swift */; };
		4C1FC6071C858B5C00465006 /* ListOrdersInteractor.swift in Sources */ = {isa = PBXBuildFile; fileRef = 4C1FC6001C858B5C00465006 /* ListOrdersInteractor.swift */; };
		4C1FC6081C858B5C00465006 /* ListOrdersModels.swift in Sources */ = {isa = PBXBuildFile; fileRef = 4C1FC6011C858B5C00465006 /* ListOrdersModels.swift */; };
		4C1FC6091C858B5C00465006 /* ListOrdersPresenter.swift in Sources */ = {isa = PBXBuildFile; fileRef = 4C1FC6021C858B5C00465006 /* ListOrdersPresenter.swift */; };
		4C1FC60A1C858B5C00465006 /* ListOrdersRouter.swift in Sources */ = {isa = PBXBuildFile; fileRef = 4C1FC6031C858B5C00465006 /* ListOrdersRouter.swift */; };
		4C1FC60B1C858B5C00465006 /* ListOrdersViewController.swift in Sources */ = {isa = PBXBuildFile; fileRef = 4C1FC6041C858B5C00465006 /* ListOrdersViewController.swift */; };
		4C1FC60C1C858B5C00465006 /* ListOrdersWorker.swift in Sources */ = {isa = PBXBuildFile; fileRef = 4C1FC6051C858B5C00465006 /* ListOrdersWorker.swift */; };
		4C1FC6581C85919000465006 /* Main.storyboard in Resources */ = {isa = PBXBuildFile; fileRef = 4C866E081C82F8E00022DE6B /* Main.storyboard */; };
		4C1FC6661C860B4800465006 /* ListOrdersInteractorTests.swift in Sources */ = {isa = PBXBuildFile; fileRef = 4C1FC6621C860B4800465006 /* ListOrdersInteractorTests.swift */; };
		4C1FC6671C860B4800465006 /* ListOrdersPresenterTests.swift in Sources */ = {isa = PBXBuildFile; fileRef = 4C1FC6631C860B4800465006 /* ListOrdersPresenterTests.swift */; };
		4C1FC6681C860B4800465006 /* ListOrdersViewControllerTests.swift in Sources */ = {isa = PBXBuildFile; fileRef = 4C1FC6641C860B4800465006 /* ListOrdersViewControllerTests.swift */; };
		4C1FC6691C860B4800465006 /* ListOrdersWorkerTests.swift in Sources */ = {isa = PBXBuildFile; fileRef = 4C1FC6651C860B4800465006 /* ListOrdersWorkerTests.swift */; };
		4C49C8241C87D865008CCD47 /* CreateOrderInteractorTests.swift in Sources */ = {isa = PBXBuildFile; fileRef = 4C49C8201C87D865008CCD47 /* CreateOrderInteractorTests.swift */; };
		4C49C8251C87D865008CCD47 /* CreateOrderPresenterTests.swift in Sources */ = {isa = PBXBuildFile; fileRef = 4C49C8211C87D865008CCD47 /* CreateOrderPresenterTests.swift */; };
		4C49C8261C87D865008CCD47 /* CreateOrderViewControllerTests.swift in Sources */ = {isa = PBXBuildFile; fileRef = 4C49C8221C87D865008CCD47 /* CreateOrderViewControllerTests.swift */; };
		4C49C8271C87D865008CCD47 /* CreateOrderWorkerTests.swift in Sources */ = {isa = PBXBuildFile; fileRef = 4C49C8231C87D865008CCD47 /* CreateOrderWorkerTests.swift */; };
		4C866E051C82F8E00022DE6B /* AppDelegate.swift in Sources */ = {isa = PBXBuildFile; fileRef = 4C866E041C82F8E00022DE6B /* AppDelegate.swift */; };
		4C866E0A1C82F8E00022DE6B /* Main.storyboard in Resources */ = {isa = PBXBuildFile; fileRef = 4C866E081C82F8E00022DE6B /* Main.storyboard */; };
		4C866E0C1C82F8E00022DE6B /* Assets.xcassets in Resources */ = {isa = PBXBuildFile; fileRef = 4C866E0B1C82F8E00022DE6B /* Assets.xcassets */; };
		4C866E0F1C82F8E00022DE6B /* LaunchScreen.storyboard in Resources */ = {isa = PBXBuildFile; fileRef = 4C866E0D1C82F8E00022DE6B /* LaunchScreen.storyboard */; };
		4C866E1F1C82FB790022DE6B /* CreateOrderConfigurator.swift in Sources */ = {isa = PBXBuildFile; fileRef = 4C866E181C82FB790022DE6B /* CreateOrderConfigurator.swift */; };
		4C866E201C82FB790022DE6B /* CreateOrderInteractor.swift in Sources */ = {isa = PBXBuildFile; fileRef = 4C866E191C82FB790022DE6B /* CreateOrderInteractor.swift */; };
		4C866E211C82FB790022DE6B /* CreateOrderModels.swift in Sources */ = {isa = PBXBuildFile; fileRef = 4C866E1A1C82FB790022DE6B /* CreateOrderModels.swift */; };
		4C866E221C82FB790022DE6B /* CreateOrderPresenter.swift in Sources */ = {isa = PBXBuildFile; fileRef = 4C866E1B1C82FB790022DE6B /* CreateOrderPresenter.swift */; };
		4C866E231C82FB790022DE6B /* CreateOrderRouter.swift in Sources */ = {isa = PBXBuildFile; fileRef = 4C866E1C1C82FB790022DE6B /* CreateOrderRouter.swift */; };
		4C866E241C82FB790022DE6B /* CreateOrderViewController.swift in Sources */ = {isa = PBXBuildFile; fileRef = 4C866E1D1C82FB790022DE6B /* CreateOrderViewController.swift */; };
		4C866E251C82FB790022DE6B /* CreateOrderWorker.swift in Sources */ = {isa = PBXBuildFile; fileRef = 4C866E1E1C82FB790022DE6B /* CreateOrderWorker.swift */; };
		4C8DC9DF1C86D9F70062B458 /* OrdersWorker.swift in Sources */ = {isa = PBXBuildFile; fileRef = 4C8DC9DE1C86D9F70062B458 /* OrdersWorker.swift */; };
		4C8DC9E21C86DB5A0062B458 /* OrderModels.swift in Sources */ = {isa = PBXBuildFile; fileRef = 4C8DC9E11C86DB5A0062B458 /* OrderModels.swift */; };
/* End PBXBuildFile section */

/* Begin PBXContainerItemProxy section */
		4C1FC6531C858EF100465006 /* PBXContainerItemProxy */ = {
			isa = PBXContainerItemProxy;
			containerPortal = 4C866DF91C82F8E00022DE6B /* Project object */;
			proxyType = 1;
			remoteGlobalIDString = 4C866E001C82F8E00022DE6B;
			remoteInfo = CleanStore;
		};
/* End PBXContainerItemProxy section */

/* Begin PBXFileReference section */
		4C1FC5FF1C858B5C00465006 /* ListOrdersConfigurator.swift */ = {isa = PBXFileReference; fileEncoding = 4; lastKnownFileType = sourcecode.swift; name = ListOrdersConfigurator.swift; path = Scenes/ListOrders/ListOrdersConfigurator.swift; sourceTree = "<group>"; };
		4C1FC6001C858B5C00465006 /* ListOrdersInteractor.swift */ = {isa = PBXFileReference; fileEncoding = 4; lastKnownFileType = sourcecode.swift; name = ListOrdersInteractor.swift; path = Scenes/ListOrders/ListOrdersInteractor.swift; sourceTree = "<group>"; };
		4C1FC6011C858B5C00465006 /* ListOrdersModels.swift */ = {isa = PBXFileReference; fileEncoding = 4; lastKnownFileType = sourcecode.swift; name = ListOrdersModels.swift; path = Scenes/ListOrders/ListOrdersModels.swift; sourceTree = "<group>"; };
		4C1FC6021C858B5C00465006 /* ListOrdersPresenter.swift */ = {isa = PBXFileReference; fileEncoding = 4; lastKnownFileType = sourcecode.swift; name = ListOrdersPresenter.swift; path = Scenes/ListOrders/ListOrdersPresenter.swift; sourceTree = "<group>"; };
		4C1FC6031C858B5C00465006 /* ListOrdersRouter.swift */ = {isa = PBXFileReference; fileEncoding = 4; lastKnownFileType = sourcecode.swift; name = ListOrdersRouter.swift; path = Scenes/ListOrders/ListOrdersRouter.swift; sourceTree = "<group>"; };
		4C1FC6041C858B5C00465006 /* ListOrdersViewController.swift */ = {isa = PBXFileReference; fileEncoding = 4; lastKnownFileType = sourcecode.swift; name = ListOrdersViewController.swift; path = Scenes/ListOrders/ListOrdersViewController.swift; sourceTree = "<group>"; };
		4C1FC6051C858B5C00465006 /* ListOrdersWorker.swift */ = {isa = PBXFileReference; fileEncoding = 4; lastKnownFileType = sourcecode.swift; name = ListOrdersWorker.swift; path = Scenes/ListOrders/ListOrdersWorker.swift; sourceTree = "<group>"; };
		4C1FC64E1C858EF100465006 /* CleanStoreTests.xctest */ = {isa = PBXFileReference; explicitFileType = wrapper.cfbundle; includeInIndex = 0; path = CleanStoreTests.xctest; sourceTree = BUILT_PRODUCTS_DIR; };
		4C1FC6521C858EF100465006 /* Info.plist */ = {isa = PBXFileReference; lastKnownFileType = text.plist.xml; path = Info.plist; sourceTree = "<group>"; };
		4C1FC6621C860B4800465006 /* ListOrdersInteractorTests.swift */ = {isa = PBXFileReference; fileEncoding = 4; lastKnownFileType = sourcecode.swift; name = ListOrdersInteractorTests.swift; path = Scenes/ListOrders/ListOrdersInteractorTests.swift; sourceTree = "<group>"; };
		4C1FC6631C860B4800465006 /* ListOrdersPresenterTests.swift */ = {isa = PBXFileReference; fileEncoding = 4; lastKnownFileType = sourcecode.swift; name = ListOrdersPresenterTests.swift; path = Scenes/ListOrders/ListOrdersPresenterTests.swift; sourceTree = "<group>"; };
		4C1FC6641C860B4800465006 /* ListOrdersViewControllerTests.swift */ = {isa = PBXFileReference; fileEncoding = 4; lastKnownFileType = sourcecode.swift; name = ListOrdersViewControllerTests.swift; path = Scenes/ListOrders/ListOrdersViewControllerTests.swift; sourceTree = "<group>"; };
		4C1FC6651C860B4800465006 /* ListOrdersWorkerTests.swift */ = {isa = PBXFileReference; fileEncoding = 4; lastKnownFileType = sourcecode.swift; name = ListOrdersWorkerTests.swift; path = Scenes/ListOrders/ListOrdersWorkerTests.swift; sourceTree = "<group>"; };
		4C49C8201C87D865008CCD47 /* CreateOrderInteractorTests.swift */ = {isa = PBXFileReference; fileEncoding = 4; lastKnownFileType = sourcecode.swift; name = CreateOrderInteractorTests.swift; path = Scenes/CreateOrder/CreateOrderInteractorTests.swift; sourceTree = "<group>"; };
		4C49C8211C87D865008CCD47 /* CreateOrderPresenterTests.swift */ = {isa = PBXFileReference; fileEncoding = 4; lastKnownFileType = sourcecode.swift; name = CreateOrderPresenterTests.swift; path = Scenes/CreateOrder/CreateOrderPresenterTests.swift; sourceTree = "<group>"; };
		4C49C8221C87D865008CCD47 /* CreateOrderViewControllerTests.swift */ = {isa = PBXFileReference; fileEncoding = 4; lastKnownFileType = sourcecode.swift; name = CreateOrderViewControllerTests.swift; path = Scenes/CreateOrder/CreateOrderViewControllerTests.swift; sourceTree = "<group>"; };
		4C49C8231C87D865008CCD47 /* CreateOrderWorkerTests.swift */ = {isa = PBXFileReference; fileEncoding = 4; lastKnownFileType = sourcecode.swift; name = CreateOrderWorkerTests.swift; path = Scenes/CreateOrder/CreateOrderWorkerTests.swift; sourceTree = "<group>"; };
		4C866E011C82F8E00022DE6B /* CleanStore.app */ = {isa = PBXFileReference; explicitFileType = wrapper.application; includeInIndex = 0; path = CleanStore.app; sourceTree = BUILT_PRODUCTS_DIR; };
		4C866E041C82F8E00022DE6B /* AppDelegate.swift */ = {isa = PBXFileReference; lastKnownFileType = sourcecode.swift; path = AppDelegate.swift; sourceTree = "<group>"; };
		4C866E091C82F8E00022DE6B /* Base */ = {isa = PBXFileReference; lastKnownFileType = file.storyboard; name = Base; path = Base.lproj/Main.storyboard; sourceTree = "<group>"; };
		4C866E0B1C82F8E00022DE6B /* Assets.xcassets */ = {isa = PBXFileReference; lastKnownFileType = folder.assetcatalog; path = Assets.xcassets; sourceTree = "<group>"; };
		4C866E0E1C82F8E00022DE6B /* Base */ = {isa = PBXFileReference; lastKnownFileType = file.storyboard; name = Base; path = Base.lproj/LaunchScreen.storyboard; sourceTree = "<group>"; };
		4C866E101C82F8E00022DE6B /* Info.plist */ = {isa = PBXFileReference; lastKnownFileType = text.plist.xml; path = Info.plist; sourceTree = "<group>"; };
		4C866E181C82FB790022DE6B /* CreateOrderConfigurator.swift */ = {isa = PBXFileReference; fileEncoding = 4; lastKnownFileType = sourcecode.swift; name = CreateOrderConfigurator.swift; path = Scenes/CreateOrderConfigurator.swift; sourceTree = "<group>"; };
		4C866E191C82FB790022DE6B /* CreateOrderInteractor.swift */ = {isa = PBXFileReference; fileEncoding = 4; lastKnownFileType = sourcecode.swift; name = CreateOrderInteractor.swift; path = Scenes/CreateOrderInteractor.swift; sourceTree = "<group>"; };
		4C866E1A1C82FB790022DE6B /* CreateOrderModels.swift */ = {isa = PBXFileReference; fileEncoding = 4; lastKnownFileType = sourcecode.swift; name = CreateOrderModels.swift; path = Scenes/CreateOrderModels.swift; sourceTree = "<group>"; };
		4C866E1B1C82FB790022DE6B /* CreateOrderPresenter.swift */ = {isa = PBXFileReference; fileEncoding = 4; lastKnownFileType = sourcecode.swift; name = CreateOrderPresenter.swift; path = Scenes/CreateOrderPresenter.swift; sourceTree = "<group>"; };
		4C866E1C1C82FB790022DE6B /* CreateOrderRouter.swift */ = {isa = PBXFileReference; fileEncoding = 4; lastKnownFileType = sourcecode.swift; name = CreateOrderRouter.swift; path = Scenes/CreateOrderRouter.swift; sourceTree = "<group>"; };
		4C866E1D1C82FB790022DE6B /* CreateOrderViewController.swift */ = {isa = PBXFileReference; fileEncoding = 4; lastKnownFileType = sourcecode.swift; name = CreateOrderViewController.swift; path = Scenes/CreateOrderViewController.swift; sourceTree = "<group>"; };
		4C866E1E1C82FB790022DE6B /* CreateOrderWorker.swift */ = {isa = PBXFileReference; fileEncoding = 4; lastKnownFileType = sourcecode.swift; name = CreateOrderWorker.swift; path = Scenes/CreateOrderWorker.swift; sourceTree = "<group>"; };
		4C8DC9DE1C86D9F70062B458 /* OrdersWorker.swift */ = {isa = PBXFileReference; fileEncoding = 4; lastKnownFileType = sourcecode.swift; name = OrdersWorker.swift; path = Workers/OrdersWorker.swift; sourceTree = "<group>"; };
		4C8DC9E11C86DB5A0062B458 /* OrderModels.swift */ = {isa = PBXFileReference; fileEncoding = 4; lastKnownFileType = sourcecode.swift; name = OrderModels.swift; path = Models/OrderModels.swift; sourceTree = "<group>"; };
/* End PBXFileReference section */

/* Begin PBXFrameworksBuildPhase section */
		4C1FC64B1C858EF100465006 /* Frameworks */ = {
			isa = PBXFrameworksBuildPhase;
			buildActionMask = 2147483647;
			files = (
			);
			runOnlyForDeploymentPostprocessing = 0;
		};
		4C866DFE1C82F8E00022DE6B /* Frameworks */ = {
			isa = PBXFrameworksBuildPhase;
			buildActionMask = 2147483647;
			files = (
			);
			runOnlyForDeploymentPostprocessing = 0;
		};
/* End PBXFrameworksBuildPhase section */

/* Begin PBXGroup section */
		4C1FC5EF1C858AF500465006 /* ListOrders */ = {
			isa = PBXGroup;
			children = (
				4C1FC5FF1C858B5C00465006 /* ListOrdersConfigurator.swift */,
				4C1FC6001C858B5C00465006 /* ListOrdersInteractor.swift */,
				4C1FC6011C858B5C00465006 /* ListOrdersModels.swift */,
				4C1FC6021C858B5C00465006 /* ListOrdersPresenter.swift */,
				4C1FC6031C858B5C00465006 /* ListOrdersRouter.swift */,
				4C1FC6041C858B5C00465006 /* ListOrdersViewController.swift */,
				4C1FC6051C858B5C00465006 /* ListOrdersWorker.swift */,
			);
			name = ListOrders;
			sourceTree = "<group>";
		};
		4C1FC64F1C858EF100465006 /* CleanStoreTests */ = {
			isa = PBXGroup;
			children = (
				4C1FC6601C860B1400465006 /* Scenes */,
				4C1FC6521C858EF100465006 /* Info.plist */,
			);
			path = CleanStoreTests;
			sourceTree = "<group>";
		};
		4C1FC6601C860B1400465006 /* Scenes */ = {
			isa = PBXGroup;
			children = (
				4C1FC6611C860B2200465006 /* ListOrders */,
				4C49C8281C87DCB8008CCD47 /* CreateOrder */,
			);
			name = Scenes;
			sourceTree = "<group>";
		};
		4C1FC6611C860B2200465006 /* ListOrders */ = {
			isa = PBXGroup;
			children = (
				4C1FC6621C860B4800465006 /* ListOrdersInteractorTests.swift */,
				4C1FC6631C860B4800465006 /* ListOrdersPresenterTests.swift */,
				4C1FC6641C860B4800465006 /* ListOrdersViewControllerTests.swift */,
				4C1FC6651C860B4800465006 /* ListOrdersWorkerTests.swift */,
			);
			name = ListOrders;
			sourceTree = "<group>";
		};
		4C49C8281C87DCB8008CCD47 /* CreateOrder */ = {
			isa = PBXGroup;
			children = (
				4C49C8201C87D865008CCD47 /* CreateOrderInteractorTests.swift */,
				4C49C8211C87D865008CCD47 /* CreateOrderPresenterTests.swift */,
				4C49C8221C87D865008CCD47 /* CreateOrderViewControllerTests.swift */,
				4C49C8231C87D865008CCD47 /* CreateOrderWorkerTests.swift */,
			);
			name = CreateOrder;
			sourceTree = "<group>";
		};
		4C866DF81C82F8E00022DE6B = {
			isa = PBXGroup;
			children = (
				4C866E031C82F8E00022DE6B /* CleanStore */,
				4C1FC64F1C858EF100465006 /* CleanStoreTests */,
				4C866E021C82F8E00022DE6B /* Products */,
			);
			sourceTree = "<group>";
		};
		4C866E021C82F8E00022DE6B /* Products */ = {
			isa = PBXGroup;
			children = (
				4C866E011C82F8E00022DE6B /* CleanStore.app */,
				4C1FC64E1C858EF100465006 /* CleanStoreTests.xctest */,
			);
			name = Products;
			sourceTree = "<group>";
		};
		4C866E031C82F8E00022DE6B /* CleanStore */ = {
			isa = PBXGroup;
			children = (
				4C8DC9E01C86DB490062B458 /* Models */,
				4C8DC9DD1C86D9BA0062B458 /* Workers */,
				4C866E161C82F9340022DE6B /* Scenes */,
				4C866E041C82F8E00022DE6B /* AppDelegate.swift */,
				4C866E081C82F8E00022DE6B /* Main.storyboard */,
				4C866E0B1C82F8E00022DE6B /* Assets.xcassets */,
				4C866E0D1C82F8E00022DE6B /* LaunchScreen.storyboard */,
				4C866E101C82F8E00022DE6B /* Info.plist */,
			);
			path = CleanStore;
			sourceTree = "<group>";
		};
		4C866E161C82F9340022DE6B /* Scenes */ = {
			isa = PBXGroup;
			children = (
				4C1FC5EF1C858AF500465006 /* ListOrders */,
				4C866E171C82F93C0022DE6B /* CreateOrder */,
			);
			name = Scenes;
			sourceTree = "<group>";
		};
		4C866E171C82F93C0022DE6B /* CreateOrder */ = {
			isa = PBXGroup;
			children = (
				4C866E181C82FB790022DE6B /* CreateOrderConfigurator.swift */,
				4C866E191C82FB790022DE6B /* CreateOrderInteractor.swift */,
				4C866E1A1C82FB790022DE6B /* CreateOrderModels.swift */,
				4C866E1B1C82FB790022DE6B /* CreateOrderPresenter.swift */,
				4C866E1C1C82FB790022DE6B /* CreateOrderRouter.swift */,
				4C866E1D1C82FB790022DE6B /* CreateOrderViewController.swift */,
				4C866E1E1C82FB790022DE6B /* CreateOrderWorker.swift */,
			);
			name = CreateOrder;
			sourceTree = "<group>";
		};
		4C8DC9DD1C86D9BA0062B458 /* Workers */ = {
			isa = PBXGroup;
			children = (
				4C8DC9DE1C86D9F70062B458 /* OrdersWorker.swift */,
			);
			name = Workers;
			sourceTree = "<group>";
		};
		4C8DC9E01C86DB490062B458 /* Models */ = {
			isa = PBXGroup;
			children = (
				4C8DC9E11C86DB5A0062B458 /* OrderModels.swift */,
			);
			name = Models;
			sourceTree = "<group>";
		};
/* End PBXGroup section */

/* Begin PBXNativeTarget section */
		4C1FC64D1C858EF100465006 /* CleanStoreTests */ = {
			isa = PBXNativeTarget;
			buildConfigurationList = 4C1FC6551C858EF100465006 /* Build configuration list for PBXNativeTarget "CleanStoreTests" */;
			buildPhases = (
				4C1FC64A1C858EF100465006 /* Sources */,
				4C1FC64B1C858EF100465006 /* Frameworks */,
				4C1FC64C1C858EF100465006 /* Resources */,
			);
			buildRules = (
			);
			dependencies = (
				4C1FC6541C858EF100465006 /* PBXTargetDependency */,
			);
			name = CleanStoreTests;
			productName = CleanStoreTests;
			productReference = 4C1FC64E1C858EF100465006 /* CleanStoreTests.xctest */;
			productType = "com.apple.product-type.bundle.unit-test";
		};
		4C866E001C82F8E00022DE6B /* CleanStore */ = {
			isa = PBXNativeTarget;
			buildConfigurationList = 4C866E131C82F8E00022DE6B /* Build configuration list for PBXNativeTarget "CleanStore" */;
			buildPhases = (
				4C866DFD1C82F8E00022DE6B /* Sources */,
				4C866DFE1C82F8E00022DE6B /* Frameworks */,
				4C866DFF1C82F8E00022DE6B /* Resources */,
			);
			buildRules = (
			);
			dependencies = (
			);
			name = CleanStore;
			productName = CleanStore;
			productReference = 4C866E011C82F8E00022DE6B /* CleanStore.app */;
			productType = "com.apple.product-type.application";
		};
/* End PBXNativeTarget section */

/* Begin PBXProject section */
		4C866DF91C82F8E00022DE6B /* Project object */ = {
			isa = PBXProject;
			attributes = {
				LastSwiftUpdateCheck = 0720;
				LastUpgradeCheck = 0720;
				ORGANIZATIONNAME = Zyncas;
				TargetAttributes = {
					4C1FC64D1C858EF100465006 = {
						CreatedOnToolsVersion = 7.2.1;
						DevelopmentTeam = 56JC3UN7HV;
						TestTargetID = 4C866E001C82F8E00022DE6B;
					};
					4C866E001C82F8E00022DE6B = {
						CreatedOnToolsVersion = 7.2.1;
						DevelopmentTeam = 56JC3UN7HV;
					};
				};
			};
			buildConfigurationList = 4C866DFC1C82F8E00022DE6B /* Build configuration list for PBXProject "CleanStore" */;
			compatibilityVersion = "Xcode 3.2";
			developmentRegion = English;
			hasScannedForEncodings = 0;
			knownRegions = (
				en,
				Base,
			);
			mainGroup = 4C866DF81C82F8E00022DE6B;
			productRefGroup = 4C866E021C82F8E00022DE6B /* Products */;
			projectDirPath = "";
			projectRoot = "";
			targets = (
				4C866E001C82F8E00022DE6B /* CleanStore */,
				4C1FC64D1C858EF100465006 /* CleanStoreTests */,
			);
		};
/* End PBXProject section */

/* Begin PBXResourcesBuildPhase section */
		4C1FC64C1C858EF100465006 /* Resources */ = {
			isa = PBXResourcesBuildPhase;
			buildActionMask = 2147483647;
			files = (
				4C1FC6581C85919000465006 /* Main.storyboard in Resources */,
			);
			runOnlyForDeploymentPostprocessing = 0;
		};
		4C866DFF1C82F8E00022DE6B /* Resources */ = {
			isa = PBXResourcesBuildPhase;
			buildActionMask = 2147483647;
			files = (
				4C866E0F1C82F8E00022DE6B /* LaunchScreen.storyboard in Resources */,
				4C866E0C1C82F8E00022DE6B /* Assets.xcassets in Resources */,
				4C866E0A1C82F8E00022DE6B /* Main.storyboard in Resources */,
			);
			runOnlyForDeploymentPostprocessing = 0;
		};
/* End PBXResourcesBuildPhase section */

/* Begin PBXSourcesBuildPhase section */
		4C1FC64A1C858EF100465006 /* Sources */ = {
			isa = PBXSourcesBuildPhase;
			buildActionMask = 2147483647;
			files = (
				4C1FC6671C860B4800465006 /* ListOrdersPresenterTests.swift in Sources */,
				4C1FC6661C860B4800465006 /* ListOrdersInteractorTests.swift in Sources */,
				4C49C8241C87D865008CCD47 /* CreateOrderInteractorTests.swift in Sources */,
				4C1FC6691C860B4800465006 /* ListOrdersWorkerTests.swift in Sources */,
				4C49C8271C87D865008CCD47 /* CreateOrderWorkerTests.swift in Sources */,
				4C1FC6681C860B4800465006 /* ListOrdersViewControllerTests.swift in Sources */,
				4C49C8261C87D865008CCD47 /* CreateOrderViewControllerTests.swift in Sources */,
				4C49C8251C87D865008CCD47 /* CreateOrderPresenterTests.swift in Sources */,
			);
			runOnlyForDeploymentPostprocessing = 0;
		};
		4C866DFD1C82F8E00022DE6B /* Sources */ = {
			isa = PBXSourcesBuildPhase;
			buildActionMask = 2147483647;
			files = (
				4C866E221C82FB790022DE6B /* CreateOrderPresenter.swift in Sources */,
				4C866E051C82F8E00022DE6B /* AppDelegate.swift in Sources */,
				4C8DC9E21C86DB5A0062B458 /* OrderModels.swift in Sources */,
				4C1FC6081C858B5C00465006 /* ListOrdersModels.swift in Sources */,
				4C1FC6091C858B5C00465006 /* ListOrdersPresenter.swift in Sources */,
				4C1FC6061C858B5C00465006 /* ListOrdersConfigurator.swift in Sources */,
				4C1FC60C1C858B5C00465006 /* ListOrdersWorker.swift in Sources */,
				4C8DC9DF1C86D9F70062B458 /* OrdersWorker.swift in Sources */,
				4C866E241C82FB790022DE6B /* CreateOrderViewController.swift in Sources */,
				4C866E1F1C82FB790022DE6B /* CreateOrderConfigurator.swift in Sources */,
				4C866E251C82FB790022DE6B /* CreateOrderWorker.swift in Sources */,
				4C866E211C82FB790022DE6B /* CreateOrderModels.swift in Sources */,
				4C1FC6071C858B5C00465006 /* ListOrdersInteractor.swift in Sources */,
				4C866E201C82FB790022DE6B /* CreateOrderInteractor.swift in Sources */,
				4C1FC60B1C858B5C00465006 /* ListOrdersViewController.swift in Sources */,
				4C1FC60A1C858B5C00465006 /* ListOrdersRouter.swift in Sources */,
				4C866E231C82FB790022DE6B /* CreateOrderRouter.swift in Sources */,
			);
			runOnlyForDeploymentPostprocessing = 0;
		};
/* End PBXSourcesBuildPhase section */

/* Begin PBXTargetDependency section */
		4C1FC6541C858EF100465006 /* PBXTargetDependency */ = {
			isa = PBXTargetDependency;
			target = 4C866E001C82F8E00022DE6B /* CleanStore */;
			targetProxy = 4C1FC6531C858EF100465006 /* PBXContainerItemProxy */;
		};
/* End PBXTargetDependency section */

/* Begin PBXVariantGroup section */
		4C866E081C82F8E00022DE6B /* Main.storyboard */ = {
			isa = PBXVariantGroup;
			children = (
				4C866E091C82F8E00022DE6B /* Base */,
			);
			name = Main.storyboard;
			sourceTree = "<group>";
		};
		4C866E0D1C82F8E00022DE6B /* LaunchScreen.storyboard */ = {
			isa = PBXVariantGroup;
			children = (
				4C866E0E1C82F8E00022DE6B /* Base */,
			);
			name = LaunchScreen.storyboard;
			sourceTree = "<group>";
		};
/* End PBXVariantGroup section */

/* Begin XCBuildConfiguration section */
		4C1FC6561C858EF100465006 /* Debug */ = {
			isa = XCBuildConfiguration;
			buildSettings = {
				BUNDLE_LOADER = "$(TEST_HOST)";
				INFOPLIST_FILE = CleanStoreTests/Info.plist;
				LD_RUNPATH_SEARCH_PATHS = "$(inherited) @executable_path/Frameworks @loader_path/Frameworks";
				PRODUCT_BUNDLE_IDENTIFIER = zyncas.CleanStoreTests;
				PRODUCT_NAME = "$(TARGET_NAME)";
				TEST_HOST = "$(BUILT_PRODUCTS_DIR)/CleanStore.app/CleanStore";
			};
			name = Debug;
		};
		4C1FC6571C858EF100465006 /* Release */ = {
			isa = XCBuildConfiguration;
			buildSettings = {
				BUNDLE_LOADER = "$(TEST_HOST)";
				INFOPLIST_FILE = CleanStoreTests/Info.plist;
				LD_RUNPATH_SEARCH_PATHS = "$(inherited) @executable_path/Frameworks @loader_path/Frameworks";
				PRODUCT_BUNDLE_IDENTIFIER = zyncas.CleanStoreTests;
				PRODUCT_NAME = "$(TARGET_NAME)";
				TEST_HOST = "$(BUILT_PRODUCTS_DIR)/CleanStore.app/CleanStore";
			};
			name = Release;
		};
		4C866E111C82F8E00022DE6B /* Debug */ = {
			isa = XCBuildConfiguration;
			buildSettings = {
				ALWAYS_SEARCH_USER_PATHS = NO;
				CLANG_CXX_LANGUAGE_STANDARD = "gnu++0x";
				CLANG_CXX_LIBRARY = "libc++";
				CLANG_ENABLE_MODULES = YES;
				CLANG_ENABLE_OBJC_ARC = YES;
				CLANG_WARN_BOOL_CONVERSION = YES;
				CLANG_WARN_CONSTANT_CONVERSION = YES;
				CLANG_WARN_DIRECT_OBJC_ISA_USAGE = YES_ERROR;
				CLANG_WARN_EMPTY_BODY = YES;
				CLANG_WARN_ENUM_CONVERSION = YES;
				CLANG_WARN_INT_CONVERSION = YES;
				CLANG_WARN_OBJC_ROOT_CLASS = YES_ERROR;
				CLANG_WARN_UNREACHABLE_CODE = YES;
				CLANG_WARN__DUPLICATE_METHOD_MATCH = YES;
				"CODE_SIGN_IDENTITY[sdk=iphoneos*]" = "iPhone Developer";
				COPY_PHASE_STRIP = NO;
				DEBUG_INFORMATION_FORMAT = dwarf;
				ENABLE_STRICT_OBJC_MSGSEND = YES;
				ENABLE_TESTABILITY = YES;
				GCC_C_LANGUAGE_STANDARD = gnu99;
				GCC_DYNAMIC_NO_PIC = NO;
				GCC_NO_COMMON_BLOCKS = YES;
				GCC_OPTIMIZATION_LEVEL = 0;
				GCC_PREPROCESSOR_DEFINITIONS = (
					"DEBUG=1",
					"$(inherited)",
				);
				GCC_WARN_64_TO_32_BIT_CONVERSION = YES;
				GCC_WARN_ABOUT_RETURN_TYPE = YES_ERROR;
				GCC_WARN_UNDECLARED_SELECTOR = YES;
				GCC_WARN_UNINITIALIZED_AUTOS = YES_AGGRESSIVE;
				GCC_WARN_UNUSED_FUNCTION = YES;
				GCC_WARN_UNUSED_VARIABLE = YES;
				IPHONEOS_DEPLOYMENT_TARGET = 9.2;
				MTL_ENABLE_DEBUG_INFO = YES;
				ONLY_ACTIVE_ARCH = YES;
				SDKROOT = iphoneos;
				SWIFT_OPTIMIZATION_LEVEL = "-Onone";
			};
			name = Debug;
		};
		4C866E121C82F8E00022DE6B /* Release */ = {
			isa = XCBuildConfiguration;
			buildSettings = {
				ALWAYS_SEARCH_USER_PATHS = NO;
				CLANG_CXX_LANGUAGE_STANDARD = "gnu++0x";
				CLANG_CXX_LIBRARY = "libc++";
				CLANG_ENABLE_MODULES = YES;
				CLANG_ENABLE_OBJC_ARC = YES;
				CLANG_WARN_BOOL_CONVERSION = YES;
				CLANG_WARN_CONSTANT_CONVERSION = YES;
				CLANG_WARN_DIRECT_OBJC_ISA_USAGE = YES_ERROR;
				CLANG_WARN_EMPTY_BODY = YES;
				CLANG_WARN_ENUM_CONVERSION = YES;
				CLANG_WARN_INT_CONVERSION = YES;
				CLANG_WARN_OBJC_ROOT_CLASS = YES_ERROR;
				CLANG_WARN_UNREACHABLE_CODE = YES;
				CLANG_WARN__DUPLICATE_METHOD_MATCH = YES;
				"CODE_SIGN_IDENTITY[sdk=iphoneos*]" = "iPhone Developer";
				COPY_PHASE_STRIP = NO;
				DEBUG_INFORMATION_FORMAT = "dwarf-with-dsym";
				ENABLE_NS_ASSERTIONS = NO;
				ENABLE_STRICT_OBJC_MSGSEND = YES;
				GCC_C_LANGUAGE_STANDARD = gnu99;
				GCC_NO_COMMON_BLOCKS = YES;
				GCC_WARN_64_TO_32_BIT_CONVERSION = YES;
				GCC_WARN_ABOUT_RETURN_TYPE = YES_ERROR;
				GCC_WARN_UNDECLARED_SELECTOR = YES;
				GCC_WARN_UNINITIALIZED_AUTOS = YES_AGGRESSIVE;
				GCC_WARN_UNUSED_FUNCTION = YES;
				GCC_WARN_UNUSED_VARIABLE = YES;
				IPHONEOS_DEPLOYMENT_TARGET = 9.2;
				MTL_ENABLE_DEBUG_INFO = NO;
				SDKROOT = iphoneos;
				VALIDATE_PRODUCT = YES;
			};
			name = Release;
		};
		4C866E141C82F8E00022DE6B /* Debug */ = {
			isa = XCBuildConfiguration;
			buildSettings = {
				ASSETCATALOG_COMPILER_APPICON_NAME = AppIcon;
				INFOPLIST_FILE = CleanStore/Info.plist;
				LD_RUNPATH_SEARCH_PATHS = "$(inherited) @executable_path/Frameworks";
				PRODUCT_BUNDLE_IDENTIFIER = zyncas.CleanStore;
				PRODUCT_NAME = "$(TARGET_NAME)";
			};
			name = Debug;
		};
		4C866E151C82F8E00022DE6B /* Release */ = {
			isa = XCBuildConfiguration;
			buildSettings = {
				ASSETCATALOG_COMPILER_APPICON_NAME = AppIcon;
				INFOPLIST_FILE = CleanStore/Info.plist;
				LD_RUNPATH_SEARCH_PATHS = "$(inherited) @executable_path/Frameworks";
				PRODUCT_BUNDLE_IDENTIFIER = zyncas.CleanStore;
				PRODUCT_NAME = "$(TARGET_NAME)";
			};
			name = Release;
		};
/* End XCBuildConfiguration section */

/* Begin XCConfigurationList section */
		4C1FC6551C858EF100465006 /* Build configuration list for PBXNativeTarget "CleanStoreTests" */ = {
			isa = XCConfigurationList;
			buildConfigurations = (
				4C1FC6561C858EF100465006 /* Debug */,
				4C1FC6571C858EF100465006 /* Release */,
			);
			defaultConfigurationIsVisible = 0;
			defaultConfigurationName = Release;
		};
		4C866DFC1C82F8E00022DE6B /* Build configuration list for PBXProject "CleanStore" */ = {
			isa = XCConfigurationList;
			buildConfigurations = (
				4C866E111C82F8E00022DE6B /* Debug */,
				4C866E121C82F8E00022DE6B /* Release */,
			);
			defaultConfigurationIsVisible = 0;
			defaultConfigurationName = Release;
		};
		4C866E131C82F8E00022DE6B /* Build configuration list for PBXNativeTarget "CleanStore" */ = {
			isa = XCConfigurationList;
			buildConfigurations = (
				4C866E141C82F8E00022DE6B /* Debug */,
				4C866E151C82F8E00022DE6B /* Release */,
			);
			defaultConfigurationIsVisible = 0;
			defaultConfigurationName = Release;
		};
/* End XCConfigurationList section */
	};
	rootObject = 4C866DF91C82F8E00022DE6B /* Project object */;
}
